
Microsoft Visual Studio Solution File, Format Version 12.00
# Visual Studio Version 17
VisualStudioVersion = 17.14.36301.6
MinimumVisualStudioVersion = 10.0.40219.1
Project("{FAE04EC0-301F-11D3-BF4B-00C04F79EFBC}") = "RestaurantOrder", "RestaurantOrder\RestaurantOrder.csproj", "{13B04841-896A-404A-9815-78E12A48493A}"
EndProject
Global
	GlobalSection(SolutionConfigurationPlatforms) = preSolution
		Debug|Any CPU = Debug|Any CPU
		Release|Any CPU = Release|Any CPU
	EndGlobalSection
	GlobalSection(ProjectConfigurationPlatforms) = postSolution
		{13B04841-896A-404A-9815-78E12A48493A}.Debug|Any CPU.ActiveCfg = Debug|Any CPU
		{13B04841-896A-404A-9815-78E12A48493A}.Debug|Any CPU.Build.0 = Debug|Any CPU
		{13B04841-896A-404A-9815-78E12A48493A}.Release|Any CPU.ActiveCfg = Release|Any CPU
		{13B04841-896A-404A-9815-78E12A48493A}.Release|Any CPU.Build.0 = Release|Any CPU
	EndGlobalSection
	GlobalSection(SolutionProperties) = preSolution
		HideSolutionNode = FALSE
	EndGlobalSection
	GlobalSection(ExtensibilityGlobals) = postSolution
		SolutionGuid = {1780C478-8C4B-4409-B1CC-5C34EE854A6B}
	EndGlobalSection
EndGlobal
